
Microsoft Visual Studio Solution File, Format Version 12.00
# Visual Studio Version 16
VisualStudioVersion = 16.0.31613.86
MinimumVisualStudioVersion = 10.0.40219.1
Project("{FAE04EC0-301F-11D3-BF4B-00C04F79EFBC}") = "Ejercicio_Guia_1", "Ejercicio_Guia_1\Ejercicio_Guia_1.csproj", "{D35ECBA1-8D12-47AF-A240-D7F624483DC8}"
EndProject
Project("{FAE04EC0-301F-11D3-BF4B-00C04F79EFBC}") = "Ejercicio_Guia_2", "Ejercicio_Guia_2\Ejercicio_Guia_2.csproj", "{1AC26DAB-3010-44C6-8448-C28ED205DA6A}"
EndProject
Project("{FAE04EC0-301F-11D3-BF4B-00C04F79EFBC}") = "Ejercicio_Guia_3", "Ejercicio_Guia_3\Ejercicio_Guia_3.csproj", "{403E4102-781E-44AF-B1FC-4E3DA5B847BF}"
EndProject
Project("{FAE04EC0-301F-11D3-BF4B-00C04F79EFBC}") = "Ejercicio_Guia_4", "Ejercicio_Guia_4\Ejercicio_Guia_4.csproj", "{2D5BB227-53A5-4C6D-8423-61A6B85235B7}"
EndProject
Project("{FAE04EC0-301F-11D3-BF4B-00C04F79EFBC}") = "Ejercicio_Clases_02_Part1", "Ejercicio_Clases_02\Ejercicio_Clases_02_Part1.csproj", "{8598918C-D1E9-4A48-A89A-9C7FE867C52B}"
EndProject
Project("{FAE04EC0-301F-11D3-BF4B-00C04F79EFBC}") = "Ejercicio_Clases_02_Part2", "Ejercicio_Clases_02_Part2\Ejercicio_Clases_02_Part2.csproj", "{FB581B27-408F-4025-87FA-E183A9556FBB}"
EndProject
Project("{FAE04EC0-301F-11D3-BF4B-00C04F79EFBC}") = "Ejercicio_Clases_02_Part3", "Ejercicio_Clases_02_Part3\Ejercicio_Clases_02_Part3.csproj", "{21AEE5DF-9157-4836-9FD2-F2B01A8BD1F3}"
EndProject
Global
	GlobalSection(SolutionConfigurationPlatforms) = preSolution
		Debug|Any CPU = Debug|Any CPU
		Release|Any CPU = Release|Any CPU
	EndGlobalSection
	GlobalSection(ProjectConfigurationPlatforms) = postSolution
		{D35ECBA1-8D12-47AF-A240-D7F624483DC8}.Debug|Any CPU.ActiveCfg = Debug|Any CPU
		{D35ECBA1-8D12-47AF-A240-D7F624483DC8}.Debug|Any CPU.Build.0 = Debug|Any CPU
		{D35ECBA1-8D12-47AF-A240-D7F624483DC8}.Release|Any CPU.ActiveCfg = Release|Any CPU
		{D35ECBA1-8D12-47AF-A240-D7F624483DC8}.Release|Any CPU.Build.0 = Release|Any CPU
		{1AC26DAB-3010-44C6-8448-C28ED205DA6A}.Debug|Any CPU.ActiveCfg = Debug|Any CPU
		{1AC26DAB-3010-44C6-8448-C28ED205DA6A}.Debug|Any CPU.Build.0 = Debug|Any CPU
		{1AC26DAB-3010-44C6-8448-C28ED205DA6A}.Release|Any CPU.ActiveCfg = Release|Any CPU
		{1AC26DAB-3010-44C6-8448-C28ED205DA6A}.Release|Any CPU.Build.0 = Release|Any CPU
		{403E4102-781E-44AF-B1FC-4E3DA5B847BF}.Debug|Any CPU.ActiveCfg = Debug|Any CPU
		{403E4102-781E-44AF-B1FC-4E3DA5B847BF}.Debug|Any CPU.Build.0 = Debug|Any CPU
		{403E4102-781E-44AF-B1FC-4E3DA5B847BF}.Release|Any CPU.ActiveCfg = Release|Any CPU
		{403E4102-781E-44AF-B1FC-4E3DA5B847BF}.Release|Any CPU.Build.0 = Release|Any CPU
		{2D5BB227-53A5-4C6D-8423-61A6B85235B7}.Debug|Any CPU.ActiveCfg = Debug|Any CPU
		{2D5BB227-53A5-4C6D-8423-61A6B85235B7}.Debug|Any CPU.Build.0 = Debug|Any CPU
		{2D5BB227-53A5-4C6D-8423-61A6B85235B7}.Release|Any CPU.ActiveCfg = Release|Any CPU
		{2D5BB227-53A5-4C6D-8423-61A6B85235B7}.Release|Any CPU.Build.0 = Release|Any CPU
		{8598918C-D1E9-4A48-A89A-9C7FE867C52B}.Debug|Any CPU.ActiveCfg = Debug|Any CPU
		{8598918C-D1E9-4A48-A89A-9C7FE867C52B}.Debug|Any CPU.Build.0 = Debug|Any CPU
		{8598918C-D1E9-4A48-A89A-9C7FE867C52B}.Release|Any CPU.ActiveCfg = Release|Any CPU
		{8598918C-D1E9-4A48-A89A-9C7FE867C52B}.Release|Any CPU.Build.0 = Release|Any CPU
		{FB581B27-408F-4025-87FA-E183A9556FBB}.Debug|Any CPU.ActiveCfg = Debug|Any CPU
		{FB581B27-408F-4025-87FA-E183A9556FBB}.Debug|Any CPU.Build.0 = Debug|Any CPU
		{FB581B27-408F-4025-87FA-E183A9556FBB}.Release|Any CPU.ActiveCfg = Release|Any CPU
		{FB581B27-408F-4025-87FA-E183A9556FBB}.Release|Any CPU.Build.0 = Release|Any CPU
		{21AEE5DF-9157-4836-9FD2-F2B01A8BD1F3}.Debug|Any CPU.ActiveCfg = Debug|Any CPU
		{21AEE5DF-9157-4836-9FD2-F2B01A8BD1F3}.Debug|Any CPU.Build.0 = Debug|Any CPU
		{21AEE5DF-9157-4836-9FD2-F2B01A8BD1F3}.Release|Any CPU.ActiveCfg = Release|Any CPU
		{21AEE5DF-9157-4836-9FD2-F2B01A8BD1F3}.Release|Any CPU.Build.0 = Release|Any CPU
	EndGlobalSection
	GlobalSection(SolutionProperties) = preSolution
		HideSolutionNode = FALSE
	EndGlobalSection
	GlobalSection(ExtensibilityGlobals) = postSolution
		SolutionGuid = {9B27E988-B3CA-47FD-A925-A11C006092E5}
	EndGlobalSection
EndGlobal
